
Microsoft Visual Studio Solution File, Format Version 12.00
# Visual Studio Version 17
VisualStudioVersion = 17.9.34607.119
MinimumVisualStudioVersion = 10.0.40219.1
Project("{FAE04EC0-301F-11D3-BF4B-00C04F79EFBC}") = "Qr-Ticket-Checker", "Qr-Ticket-Checker\Qr-Ticket-Checker.csproj", "{0B6E9FC0-DD33-45CC-BFE4-21D59E7DB977}"
EndProject
Project("{2150E333-8FDC-42A3-9474-1A3956D46DE8}") = "DevExtreme NuGet.config", "DevExtreme NuGet.config", "{85031982-ADB8-4526-815E-52430B2A23D8}"
	ProjectSection(SolutionItems) = preProject
		NuGet.config = NuGet.config
	EndProjectSection
EndProject
Global
	GlobalSection(SolutionConfigurationPlatforms) = preSolution
		Debug|Any CPU = Debug|Any CPU
		Release|Any CPU = Release|Any CPU
	EndGlobalSection
	GlobalSection(ProjectConfigurationPlatforms) = postSolution
		{0B6E9FC0-DD33-45CC-BFE4-21D59E7DB977}.Debug|Any CPU.ActiveCfg = Debug|Any CPU
		{0B6E9FC0-DD33-45CC-BFE4-21D59E7DB977}.Debug|Any CPU.Build.0 = Debug|Any CPU
		{0B6E9FC0-DD33-45CC-BFE4-21D59E7DB977}.Release|Any CPU.ActiveCfg = Release|Any CPU
		{0B6E9FC0-DD33-45CC-BFE4-21D59E7DB977}.Release|Any CPU.Build.0 = Release|Any CPU
	EndGlobalSection
	GlobalSection(SolutionProperties) = preSolution
		HideSolutionNode = FALSE
	EndGlobalSection
	GlobalSection(ExtensibilityGlobals) = postSolution
		SolutionGuid = {C50F0B74-388C-46B6-BCAA-140D1DF32E8C}
	EndGlobalSection
EndGlobal
